
Microsoft Visual Studio Solution File, Format Version 12.00
# Visual Studio Version 17
VisualStudioVersion = 17.5.002.0
MinimumVisualStudioVersion = 10.0.40219.1
Project("{9A19103F-16F7-4668-BE54-9A1E7A4F7556}") = "Testes1", "Testes1.csproj", "{2C2B5F41-30DF-44BC-9F5C-398EC660A585}"
EndProject
Global
	GlobalSection(SolutionConfigurationPlatforms) = preSolution
		Debug|Any CPU = Debug|Any CPU
		Release|Any CPU = Release|Any CPU
	EndGlobalSection
	GlobalSection(ProjectConfigurationPlatforms) = postSolution
		{2C2B5F41-30DF-44BC-9F5C-398EC660A585}.Debug|Any CPU.ActiveCfg = Debug|Any CPU
		{2C2B5F41-30DF-44BC-9F5C-398EC660A585}.Debug|Any CPU.Build.0 = Debug|Any CPU
		{2C2B5F41-30DF-44BC-9F5C-398EC660A585}.Release|Any CPU.ActiveCfg = Release|Any CPU
		{2C2B5F41-30DF-44BC-9F5C-398EC660A585}.Release|Any CPU.Build.0 = Release|Any CPU
	EndGlobalSection
	GlobalSection(SolutionProperties) = preSolution
		HideSolutionNode = FALSE
	EndGlobalSection
	GlobalSection(ExtensibilityGlobals) = postSolution
		SolutionGuid = {6B76EA42-7C4B-426D-9127-67188DBFBB2F}
	EndGlobalSection
EndGlobal
